
Microsoft Visual Studio Solution File, Format Version 11.00
# Visual Studio 2010
Project("{FAE04EC0-301F-11D3-BF4B-00C04F79EFBC}") = "BroadcastChatServer", "BroadcastChatServer\BroadcastChatServer.csproj", "{C36B8EEE-1BB1-4A8D-8FC9-8F85CAE40AB6}"
EndProject
Global
	GlobalSection(SolutionConfigurationPlatforms) = preSolution
		Debug|x86 = Debug|x86
		Release|x86 = Release|x86
	EndGlobalSection
	GlobalSection(ProjectConfigurationPlatforms) = postSolution
		{C36B8EEE-1BB1-4A8D-8FC9-8F85CAE40AB6}.Debug|x86.ActiveCfg = Debug|x86
		{C36B8EEE-1BB1-4A8D-8FC9-8F85CAE40AB6}.Debug|x86.Build.0 = Debug|x86
		{C36B8EEE-1BB1-4A8D-8FC9-8F85CAE40AB6}.Release|x86.ActiveCfg = Release|x86
		{C36B8EEE-1BB1-4A8D-8FC9-8F85CAE40AB6}.Release|x86.Build.0 = Release|x86
	EndGlobalSection
	GlobalSection(MonoDevelopProperties) = preSolution
		StartupItem = BroadcastChatServer\BroadcastChatServer.csproj
	EndGlobalSection
EndGlobal
